{
  "name": "warframe-updates",
  "version": "1.0.4",
  "lockfileVersion": 1,
  "dependencies": {
    "node-md-config": {
      "version": "2.0.1",
      "resolved": "https://registry.npmjs.org/node-md-config/-/node-md-config-2.0.1.tgz",
      "integrity": "sha1-zgydvCjZts8hFSG81Q1+xbzyAp0="
    },
    "right-pad": {
      "version": "1.0.1",
      "resolved": "https://registry.npmjs.org/right-pad/-/right-pad-1.0.1.tgz",
      "integrity": "sha1-jKCMLLtbVedNr6lr9/0aJ9VoyNA="
    },
    "warframe-worldstate-data": {
      "version": "git://github.com/wfcd/warframe-worldstate-data.git#10e88550f2ec7f9a01bbb15bcdd1fbaa5b0f9db6"
    },
    "warframe-worldstate-parser": {
      "version": "1.7.6",
      "resolved": "https://registry.npmjs.org/warframe-worldstate-parser/-/warframe-worldstate-parser-1.7.6.tgz",
      "integrity": "sha1-xwsR5u+HPfxVoiAUdwF5NWQJh+A="
    }
  }
}
